
Microsoft Visual Studio Solution File, Format Version 12.00
# Visual Studio Version 16
VisualStudioVersion = 16.0.32630.194
MinimumVisualStudioVersion = 10.0.40219.1
Project("{FAE04EC0-301F-11D3-BF4B-00C04F79EFBC}") = "LAB5", "LAB5\LAB5.csproj", "{6DEBAD8B-6F51-4467-B95C-E330481D6A53}"
EndProject
Global
	GlobalSection(SolutionConfigurationPlatforms) = preSolution
		Debug|Any CPU = Debug|Any CPU
		Release|Any CPU = Release|Any CPU
	EndGlobalSection
	GlobalSection(ProjectConfigurationPlatforms) = postSolution
		{6DEBAD8B-6F51-4467-B95C-E330481D6A53}.Debug|Any CPU.ActiveCfg = Debug|Any CPU
		{6DEBAD8B-6F51-4467-B95C-E330481D6A53}.Debug|Any CPU.Build.0 = Debug|Any CPU
		{6DEBAD8B-6F51-4467-B95C-E330481D6A53}.Release|Any CPU.ActiveCfg = Release|Any CPU
		{6DEBAD8B-6F51-4467-B95C-E330481D6A53}.Release|Any CPU.Build.0 = Release|Any CPU
	EndGlobalSection
	GlobalSection(SolutionProperties) = preSolution
		HideSolutionNode = FALSE
	EndGlobalSection
	GlobalSection(ExtensibilityGlobals) = postSolution
		SolutionGuid = {0E4CAC03-A24A-4BF2-912D-CE7A1EF824D8}
	EndGlobalSection
EndGlobal
